{
  "lockfileVersion": 1,
  "workspaces": {
    "": {
      "name": "@kyotaidoshin/openauthclient",
      "dependencies": {
        "posthog-node": "^5.1.1",
      },
      "devDependencies": {
        "@types/aws-lambda": "^8.10.142",
      },
      "peerDependencies": {
        "typescript": "^5.8.3",
      },
    },
  },
  "packages": {
    "@types/aws-lambda": ["@types/aws-lambda@8.10.150", "", {}, "sha512-AX+AbjH/rH5ezX1fbK8onC/a+HyQHo7QGmvoxAE42n22OsciAxvZoZNEr22tbXs8WfP1nIsBjKDpgPm3HjOZbA=="],

    "posthog-node": ["posthog-node@5.1.1", "", {}, "sha512-6VISkNdxO24ehXiDA4dugyCSIV7lpGVaEu5kn/dlAj+SJ1lgcDru9PQ8p/+GSXsXVxohd1t7kHL2JKc9NoGb0w=="],

    "typescript": ["typescript@5.7.3", "", { "bin": { "tsc": "bin/tsc", "tsserver": "bin/tsserver" } }, "sha512-84MVSjMEHP+FQRPy3pX9sTVV/INIex71s9TL2Gm5FG/WG1SqXeKyZ0k7/blY/4FdOzI12CBy1vGc4og/eus0fw=="],
  }
}
