{
  "lockfileVersion": 1,
  "workspaces": {
    "": {
      "name": "kyotaidoshin",
      "dependencies": {
        "sst": "^3.9.19",
      },
      "devDependencies": {
        "@tsconfig/node22": "^22.0.0",
        "typescript": "^5.8.2",
      },
    },
    "packages/auth": {
      "name": "@kyotaidoshin/auth",
      "dependencies": {
        "@aws-sdk/client-lambda": "^3.758.0",
        "@openauthjs/openauth": "^0.4.0",
        "axios": "^1.8.1",
        "hono": "^4.7.2",
        "sst": "^3.9.19",
        "valibot": "^1.0.0-rc.2",
      },
      "devDependencies": {
        "@types/bun": "latest",
      },
      "peerDependencies": {
        "typescript": "^5.7.3",
      },
    },
  },
  "packages": {
    "@aws-crypto/crc32": ["@aws-crypto/crc32@5.2.0", "", { "dependencies": { "@aws-crypto/util": "^5.2.0", "@aws-sdk/types": "^3.222.0", "tslib": "^2.6.2" } }, "sha512-nLbCWqQNgUiwwtFsen1AdzAtvuLRsQS8rYgMuxCrdKf9kOssamGLuPwyTY9wyYblNr9+1XM8v6zoDTPPSIeANg=="],

    "@aws-crypto/sha256-browser": ["@aws-crypto/sha256-browser@5.2.0", "", { "dependencies": { "@aws-crypto/sha256-js": "^5.2.0", "@aws-crypto/supports-web-crypto": "^5.2.0", "@aws-crypto/util": "^5.2.0", "@aws-sdk/types": "^3.222.0", "@aws-sdk/util-locate-window": "^3.0.0", "@smithy/util-utf8": "^2.0.0", "tslib": "^2.6.2" } }, "sha512-AXfN/lGotSQwu6HNcEsIASo7kWXZ5HYWvfOmSNKDsEqC4OashTp8alTmaz+F7TC2L083SFv5RdB+qU3Vs1kZqw=="],

    "@aws-crypto/sha256-js": ["@aws-crypto/sha256-js@5.2.0", "", { "dependencies": { "@aws-crypto/util": "^5.2.0", "@aws-sdk/types": "^3.222.0", "tslib": "^2.6.2" } }, "sha512-FFQQyu7edu4ufvIZ+OadFpHHOt+eSTBaYaki44c+akjg7qZg9oOQeLlk77F6tSYqjDAFClrHJk9tMf0HdVyOvA=="],

    "@aws-crypto/supports-web-crypto": ["@aws-crypto/supports-web-crypto@5.2.0", "", { "dependencies": { "tslib": "^2.6.2" } }, "sha512-iAvUotm021kM33eCdNfwIN//F77/IADDSs58i+MDaOqFrVjZo9bAal0NK7HurRuWLLpF1iLX7gbWrjHjeo+YFg=="],

    "@aws-crypto/util": ["@aws-crypto/util@5.2.0", "", { "dependencies": { "@aws-sdk/types": "^3.222.0", "@smithy/util-utf8": "^2.0.0", "tslib": "^2.6.2" } }, "sha512-4RkU9EsI6ZpBve5fseQlGNUWKMa1RLPQ1dnjnQoe07ldfIzcsGb5hC5W0Dm7u423KWzawlrpbjXBrXCEv9zazQ=="],

    "@aws-sdk/client-lambda": ["@aws-sdk/client-lambda@3.758.0", "", { "dependencies": { "@aws-crypto/sha256-browser": "5.2.0", "@aws-crypto/sha256-js": "5.2.0", "@aws-sdk/core": "3.758.0", "@aws-sdk/credential-provider-node": "3.758.0", "@aws-sdk/middleware-host-header": "3.734.0", "@aws-sdk/middleware-logger": "3.734.0", "@aws-sdk/middleware-recursion-detection": "3.734.0", "@aws-sdk/middleware-user-agent": "3.758.0", "@aws-sdk/region-config-resolver": "3.734.0", "@aws-sdk/types": "3.734.0", "@aws-sdk/util-endpoints": "3.743.0", "@aws-sdk/util-user-agent-browser": "3.734.0", "@aws-sdk/util-user-agent-node": "3.758.0", "@smithy/config-resolver": "^4.0.1", "@smithy/core": "^3.1.5", "@smithy/eventstream-serde-browser": "^4.0.1", "@smithy/eventstream-serde-config-resolver": "^4.0.1", "@smithy/eventstream-serde-node": "^4.0.1", "@smithy/fetch-http-handler": "^5.0.1", "@smithy/hash-node": "^4.0.1", "@smithy/invalid-dependency": "^4.0.1", "@smithy/middleware-content-length": "^4.0.1", "@smithy/middleware-endpoint": "^4.0.6", "@smithy/middleware-retry": "^4.0.7", "@smithy/middleware-serde": "^4.0.2", "@smithy/middleware-stack": "^4.0.1", "@smithy/node-config-provider": "^4.0.1", "@smithy/node-http-handler": "^4.0.3", "@smithy/protocol-http": "^5.0.1", "@smithy/smithy-client": "^4.1.6", "@smithy/types": "^4.1.0", "@smithy/url-parser": "^4.0.1", "@smithy/util-base64": "^4.0.0", "@smithy/util-body-length-browser": "^4.0.0", "@smithy/util-body-length-node": "^4.0.0", "@smithy/util-defaults-mode-browser": "^4.0.7", "@smithy/util-defaults-mode-node": "^4.0.7", "@smithy/util-endpoints": "^3.0.1", "@smithy/util-middleware": "^4.0.1", "@smithy/util-retry": "^4.0.1", "@smithy/util-stream": "^4.1.2", "@smithy/util-utf8": "^4.0.0", "@smithy/util-waiter": "^4.0.2", "tslib": "^2.6.2" } }, "sha512-k7L9fe0NN1v2Vhg4ofA1pb26gTdGVFdkA6XUQyElLEdcKzJzoYiQ60faNLuMPfH0zsKNvy/xKfNOD6DFZWjgEg=="],

    "@aws-sdk/client-sso": ["@aws-sdk/client-sso@3.758.0", "", { "dependencies": { "@aws-crypto/sha256-browser": "5.2.0", "@aws-crypto/sha256-js": "5.2.0", "@aws-sdk/core": "3.758.0", "@aws-sdk/middleware-host-header": "3.734.0", "@aws-sdk/middleware-logger": "3.734.0", "@aws-sdk/middleware-recursion-detection": "3.734.0", "@aws-sdk/middleware-user-agent": "3.758.0", "@aws-sdk/region-config-resolver": "3.734.0", "@aws-sdk/types": "3.734.0", "@aws-sdk/util-endpoints": "3.743.0", "@aws-sdk/util-user-agent-browser": "3.734.0", "@aws-sdk/util-user-agent-node": "3.758.0", "@smithy/config-resolver": "^4.0.1", "@smithy/core": "^3.1.5", "@smithy/fetch-http-handler": "^5.0.1", "@smithy/hash-node": "^4.0.1", "@smithy/invalid-dependency": "^4.0.1", "@smithy/middleware-content-length": "^4.0.1", "@smithy/middleware-endpoint": "^4.0.6", "@smithy/middleware-retry": "^4.0.7", "@smithy/middleware-serde": "^4.0.2", "@smithy/middleware-stack": "^4.0.1", "@smithy/node-config-provider": "^4.0.1", "@smithy/node-http-handler": "^4.0.3", "@smithy/protocol-http": "^5.0.1", "@smithy/smithy-client": "^4.1.6", "@smithy/types": "^4.1.0", "@smithy/url-parser": "^4.0.1", "@smithy/util-base64": "^4.0.0", "@smithy/util-body-length-browser": "^4.0.0", "@smithy/util-body-length-node": "^4.0.0", "@smithy/util-defaults-mode-browser": "^4.0.7", "@smithy/util-defaults-mode-node": "^4.0.7", "@smithy/util-endpoints": "^3.0.1", "@smithy/util-middleware": "^4.0.1", "@smithy/util-retry": "^4.0.1", "@smithy/util-utf8": "^4.0.0", "tslib": "^2.6.2" } }, "sha512-BoGO6IIWrLyLxQG6txJw6RT2urmbtlwfggapNCrNPyYjlXpzTSJhBYjndg7TpDATFd0SXL0zm8y/tXsUXNkdYQ=="],

    "@aws-sdk/core": ["@aws-sdk/core@3.758.0", "", { "dependencies": { "@aws-sdk/types": "3.734.0", "@smithy/core": "^3.1.5", "@smithy/node-config-provider": "^4.0.1", "@smithy/property-provider": "^4.0.1", "@smithy/protocol-http": "^5.0.1", "@smithy/signature-v4": "^5.0.1", "@smithy/smithy-client": "^4.1.6", "@smithy/types": "^4.1.0", "@smithy/util-middleware": "^4.0.1", "fast-xml-parser": "4.4.1", "tslib": "^2.6.2" } }, "sha512-0RswbdR9jt/XKemaLNuxi2gGr4xGlHyGxkTdhSQzCyUe9A9OPCoLl3rIESRguQEech+oJnbHk/wuiwHqTuP9sg=="],

    "@aws-sdk/credential-provider-env": ["@aws-sdk/credential-provider-env@3.758.0", "", { "dependencies": { "@aws-sdk/core": "3.758.0", "@aws-sdk/types": "3.734.0", "@smithy/property-provider": "^4.0.1", "@smithy/types": "^4.1.0", "tslib": "^2.6.2" } }, "sha512-N27eFoRrO6MeUNumtNHDW9WOiwfd59LPXPqDrIa3kWL/s+fOKFHb9xIcF++bAwtcZnAxKkgpDCUP+INNZskE+w=="],

    "@aws-sdk/credential-provider-http": ["@aws-sdk/credential-provider-http@3.758.0", "", { "dependencies": { "@aws-sdk/core": "3.758.0", "@aws-sdk/types": "3.734.0", "@smithy/fetch-http-handler": "^5.0.1", "@smithy/node-http-handler": "^4.0.3", "@smithy/property-provider": "^4.0.1", "@smithy/protocol-http": "^5.0.1", "@smithy/smithy-client": "^4.1.6", "@smithy/types": "^4.1.0", "@smithy/util-stream": "^4.1.2", "tslib": "^2.6.2" } }, "sha512-Xt9/U8qUCiw1hihztWkNeIR+arg6P+yda10OuCHX6kFVx3auTlU7+hCqs3UxqniGU4dguHuftf3mRpi5/GJ33Q=="],

    "@aws-sdk/credential-provider-ini": ["@aws-sdk/credential-provider-ini@3.758.0", "", { "dependencies": { "@aws-sdk/core": "3.758.0", "@aws-sdk/credential-provider-env": "3.758.0", "@aws-sdk/credential-provider-http": "3.758.0", "@aws-sdk/credential-provider-process": "3.758.0", "@aws-sdk/credential-provider-sso": "3.758.0", "@aws-sdk/credential-provider-web-identity": "3.758.0", "@aws-sdk/nested-clients": "3.758.0", "@aws-sdk/types": "3.734.0", "@smithy/credential-provider-imds": "^4.0.1", "@smithy/property-provider": "^4.0.1", "@smithy/shared-ini-file-loader": "^4.0.1", "@smithy/types": "^4.1.0", "tslib": "^2.6.2" } }, "sha512-cymSKMcP5d+OsgetoIZ5QCe1wnp2Q/tq+uIxVdh9MbfdBBEnl9Ecq6dH6VlYS89sp4QKuxHxkWXVnbXU3Q19Aw=="],

    "@aws-sdk/credential-provider-node": ["@aws-sdk/credential-provider-node@3.758.0", "", { "dependencies": { "@aws-sdk/credential-provider-env": "3.758.0", "@aws-sdk/credential-provider-http": "3.758.0", "@aws-sdk/credential-provider-ini": "3.758.0", "@aws-sdk/credential-provider-process": "3.758.0", "@aws-sdk/credential-provider-sso": "3.758.0", "@aws-sdk/credential-provider-web-identity": "3.758.0", "@aws-sdk/types": "3.734.0", "@smithy/credential-provider-imds": "^4.0.1", "@smithy/property-provider": "^4.0.1", "@smithy/shared-ini-file-loader": "^4.0.1", "@smithy/types": "^4.1.0", "tslib": "^2.6.2" } }, "sha512-+DaMv63wiq7pJrhIQzZYMn4hSarKiizDoJRvyR7WGhnn0oQ/getX9Z0VNCV3i7lIFoLNTb7WMmQ9k7+z/uD5EQ=="],

    "@aws-sdk/credential-provider-process": ["@aws-sdk/credential-provider-process@3.758.0", "", { "dependencies": { "@aws-sdk/core": "3.758.0", "@aws-sdk/types": "3.734.0", "@smithy/property-provider": "^4.0.1", "@smithy/shared-ini-file-loader": "^4.0.1", "@smithy/types": "^4.1.0", "tslib": "^2.6.2" } }, "sha512-AzcY74QTPqcbXWVgjpPZ3HOmxQZYPROIBz2YINF0OQk0MhezDWV/O7Xec+K1+MPGQO3qS6EDrUUlnPLjsqieHA=="],

    "@aws-sdk/credential-provider-sso": ["@aws-sdk/credential-provider-sso@3.758.0", "", { "dependencies": { "@aws-sdk/client-sso": "3.758.0", "@aws-sdk/core": "3.758.0", "@aws-sdk/token-providers": "3.758.0", "@aws-sdk/types": "3.734.0", "@smithy/property-provider": "^4.0.1", "@smithy/shared-ini-file-loader": "^4.0.1", "@smithy/types": "^4.1.0", "tslib": "^2.6.2" } }, "sha512-x0FYJqcOLUCv8GLLFDYMXRAQKGjoM+L0BG4BiHYZRDf24yQWFCAZsCQAYKo6XZYh2qznbsW6f//qpyJ5b0QVKQ=="],

    "@aws-sdk/credential-provider-web-identity": ["@aws-sdk/credential-provider-web-identity@3.758.0", "", { "dependencies": { "@aws-sdk/core": "3.758.0", "@aws-sdk/nested-clients": "3.758.0", "@aws-sdk/types": "3.734.0", "@smithy/property-provider": "^4.0.1", "@smithy/types": "^4.1.0", "tslib": "^2.6.2" } }, "sha512-XGguXhBqiCXMXRxcfCAVPlMbm3VyJTou79r/3mxWddHWF0XbhaQiBIbUz6vobVTD25YQRbWSmSch7VA8kI5Lrw=="],

    "@aws-sdk/middleware-host-header": ["@aws-sdk/middleware-host-header@3.734.0", "", { "dependencies": { "@aws-sdk/types": "3.734.0", "@smithy/protocol-http": "^5.0.1", "@smithy/types": "^4.1.0", "tslib": "^2.6.2" } }, "sha512-LW7RRgSOHHBzWZnigNsDIzu3AiwtjeI2X66v+Wn1P1u+eXssy1+up4ZY/h+t2sU4LU36UvEf+jrZti9c6vRnFw=="],

    "@aws-sdk/middleware-logger": ["@aws-sdk/middleware-logger@3.734.0", "", { "dependencies": { "@aws-sdk/types": "3.734.0", "@smithy/types": "^4.1.0", "tslib": "^2.6.2" } }, "sha512-mUMFITpJUW3LcKvFok176eI5zXAUomVtahb9IQBwLzkqFYOrMJvWAvoV4yuxrJ8TlQBG8gyEnkb9SnhZvjg67w=="],

    "@aws-sdk/middleware-recursion-detection": ["@aws-sdk/middleware-recursion-detection@3.734.0", "", { "dependencies": { "@aws-sdk/types": "3.734.0", "@smithy/protocol-http": "^5.0.1", "@smithy/types": "^4.1.0", "tslib": "^2.6.2" } }, "sha512-CUat2d9ITsFc2XsmeiRQO96iWpxSKYFjxvj27Hc7vo87YUHRnfMfnc8jw1EpxEwMcvBD7LsRa6vDNky6AjcrFA=="],

    "@aws-sdk/middleware-user-agent": ["@aws-sdk/middleware-user-agent@3.758.0", "", { "dependencies": { "@aws-sdk/core": "3.758.0", "@aws-sdk/types": "3.734.0", "@aws-sdk/util-endpoints": "3.743.0", "@smithy/core": "^3.1.5", "@smithy/protocol-http": "^5.0.1", "@smithy/types": "^4.1.0", "tslib": "^2.6.2" } }, "sha512-iNyehQXtQlj69JCgfaOssgZD4HeYGOwxcaKeG6F+40cwBjTAi0+Ph1yfDwqk2qiBPIRWJ/9l2LodZbxiBqgrwg=="],

    "@aws-sdk/nested-clients": ["@aws-sdk/nested-clients@3.758.0", "", { "dependencies": { "@aws-crypto/sha256-browser": "5.2.0", "@aws-crypto/sha256-js": "5.2.0", "@aws-sdk/core": "3.758.0", "@aws-sdk/middleware-host-header": "3.734.0", "@aws-sdk/middleware-logger": "3.734.0", "@aws-sdk/middleware-recursion-detection": "3.734.0", "@aws-sdk/middleware-user-agent": "3.758.0", "@aws-sdk/region-config-resolver": "3.734.0", "@aws-sdk/types": "3.734.0", "@aws-sdk/util-endpoints": "3.743.0", "@aws-sdk/util-user-agent-browser": "3.734.0", "@aws-sdk/util-user-agent-node": "3.758.0", "@smithy/config-resolver": "^4.0.1", "@smithy/core": "^3.1.5", "@smithy/fetch-http-handler": "^5.0.1", "@smithy/hash-node": "^4.0.1", "@smithy/invalid-dependency": "^4.0.1", "@smithy/middleware-content-length": "^4.0.1", "@smithy/middleware-endpoint": "^4.0.6", "@smithy/middleware-retry": "^4.0.7", "@smithy/middleware-serde": "^4.0.2", "@smithy/middleware-stack": "^4.0.1", "@smithy/node-config-provider": "^4.0.1", "@smithy/node-http-handler": "^4.0.3", "@smithy/protocol-http": "^5.0.1", "@smithy/smithy-client": "^4.1.6", "@smithy/types": "^4.1.0", "@smithy/url-parser": "^4.0.1", "@smithy/util-base64": "^4.0.0", "@smithy/util-body-length-browser": "^4.0.0", "@smithy/util-body-length-node": "^4.0.0", "@smithy/util-defaults-mode-browser": "^4.0.7", "@smithy/util-defaults-mode-node": "^4.0.7", "@smithy/util-endpoints": "^3.0.1", "@smithy/util-middleware": "^4.0.1", "@smithy/util-retry": "^4.0.1", "@smithy/util-utf8": "^4.0.0", "tslib": "^2.6.2" } }, "sha512-YZ5s7PSvyF3Mt2h1EQulCG93uybprNGbBkPmVuy/HMMfbFTt4iL3SbKjxqvOZelm86epFfj7pvK7FliI2WOEcg=="],

    "@aws-sdk/region-config-resolver": ["@aws-sdk/region-config-resolver@3.734.0", "", { "dependencies": { "@aws-sdk/types": "3.734.0", "@smithy/node-config-provider": "^4.0.1", "@smithy/types": "^4.1.0", "@smithy/util-config-provider": "^4.0.0", "@smithy/util-middleware": "^4.0.1", "tslib": "^2.6.2" } }, "sha512-Lvj1kPRC5IuJBr9DyJ9T9/plkh+EfKLy+12s/mykOy1JaKHDpvj+XGy2YO6YgYVOb8JFtaqloid+5COtje4JTQ=="],

    "@aws-sdk/token-providers": ["@aws-sdk/token-providers@3.758.0", "", { "dependencies": { "@aws-sdk/nested-clients": "3.758.0", "@aws-sdk/types": "3.734.0", "@smithy/property-provider": "^4.0.1", "@smithy/shared-ini-file-loader": "^4.0.1", "@smithy/types": "^4.1.0", "tslib": "^2.6.2" } }, "sha512-ckptN1tNrIfQUaGWm/ayW1ddG+imbKN7HHhjFdS4VfItsP0QQOB0+Ov+tpgb4MoNR4JaUghMIVStjIeHN2ks1w=="],

    "@aws-sdk/types": ["@aws-sdk/types@3.734.0", "", { "dependencies": { "@smithy/types": "^4.1.0", "tslib": "^2.6.2" } }, "sha512-o11tSPTT70nAkGV1fN9wm/hAIiLPyWX6SuGf+9JyTp7S/rC2cFWhR26MvA69nplcjNaXVzB0f+QFrLXXjOqCrg=="],

    "@aws-sdk/util-endpoints": ["@aws-sdk/util-endpoints@3.743.0", "", { "dependencies": { "@aws-sdk/types": "3.734.0", "@smithy/types": "^4.1.0", "@smithy/util-endpoints": "^3.0.1", "tslib": "^2.6.2" } }, "sha512-sN1l559zrixeh5x+pttrnd0A3+r34r0tmPkJ/eaaMaAzXqsmKU/xYre9K3FNnsSS1J1k4PEfk/nHDTVUgFYjnw=="],

    "@aws-sdk/util-locate-window": ["@aws-sdk/util-locate-window@3.723.0", "", { "dependencies": { "tslib": "^2.6.2" } }, "sha512-Yf2CS10BqK688DRsrKI/EO6B8ff5J86NXe4C+VCysK7UOgN0l1zOTeTukZ3H8Q9tYYX3oaF1961o8vRkFm7Nmw=="],

    "@aws-sdk/util-user-agent-browser": ["@aws-sdk/util-user-agent-browser@3.734.0", "", { "dependencies": { "@aws-sdk/types": "3.734.0", "@smithy/types": "^4.1.0", "bowser": "^2.11.0", "tslib": "^2.6.2" } }, "sha512-xQTCus6Q9LwUuALW+S76OL0jcWtMOVu14q+GoLnWPUM7QeUw963oQcLhF7oq0CtaLLKyl4GOUfcwc773Zmwwng=="],

    "@aws-sdk/util-user-agent-node": ["@aws-sdk/util-user-agent-node@3.758.0", "", { "dependencies": { "@aws-sdk/middleware-user-agent": "3.758.0", "@aws-sdk/types": "3.734.0", "@smithy/node-config-provider": "^4.0.1", "@smithy/types": "^4.1.0", "tslib": "^2.6.2" }, "peerDependencies": { "aws-crt": ">=1.0.0" }, "optionalPeers": ["aws-crt"] }, "sha512-A5EZw85V6WhoKMV2hbuFRvb9NPlxEErb4HPO6/SPXYY4QrjprIzScHxikqcWv1w4J3apB1wto9LPU3IMsYtfrw=="],

    "@kyotaidoshin/auth": ["@kyotaidoshin/auth@workspace:packages/auth"],

    "@openauthjs/openauth": ["@openauthjs/openauth@0.4.1", "", { "dependencies": { "@standard-schema/spec": "1.0.0-beta.3", "aws4fetch": "1.0.20", "jose": "5.9.6" }, "peerDependencies": { "arctic": "^2.2.2", "hono": "^4.0.0" } }, "sha512-w2vJ2xXDJiNlJYr2tq529hwKFZa82ErgBm01DbhGBY0N0NDwzCJMDPH2YncxNDzFQJaGZNIW3ET0geJggONfHg=="],

    "@oslojs/asn1": ["@oslojs/asn1@1.0.0", "", { "dependencies": { "@oslojs/binary": "1.0.0" } }, "sha512-zw/wn0sj0j0QKbIXfIlnEcTviaCzYOY3V5rAyjR6YtOByFtJiT574+8p9Wlach0lZH9fddD4yb9laEAIl4vXQA=="],

    "@oslojs/binary": ["@oslojs/binary@1.0.0", "", {}, "sha512-9RCU6OwXU6p67H4NODbuxv2S3eenuQ4/WFLrsq+K/k682xrznH5EVWA7N4VFk9VYVcbFtKqur5YQQZc0ySGhsQ=="],

    "@oslojs/crypto": ["@oslojs/crypto@1.0.1", "", { "dependencies": { "@oslojs/asn1": "1.0.0", "@oslojs/binary": "1.0.0" } }, "sha512-7n08G8nWjAr/Yu3vu9zzrd0L9XnrJfpMioQcvCMxBIiF5orECHe5/3J0jmXRVvgfqMm/+4oxlQ+Sq39COYLcNQ=="],

    "@oslojs/encoding": ["@oslojs/encoding@1.1.0", "", {}, "sha512-70wQhgYmndg4GCPxPPxPGevRKqTIJ2Nh4OkiMWmDAVYsTQ+Ta7Sq+rPevXyXGdzr30/qZBnyOalCszoMxlyldQ=="],

    "@oslojs/jwt": ["@oslojs/jwt@0.2.0", "", { "dependencies": { "@oslojs/encoding": "0.4.1" } }, "sha512-bLE7BtHrURedCn4Mco3ma9L4Y1GR2SMBuIvjWr7rmQ4/W/4Jy70TIAgZ+0nIlk0xHz1vNP8x8DCns45Sb2XRbg=="],

    "@smithy/abort-controller": ["@smithy/abort-controller@4.0.1", "", { "dependencies": { "@smithy/types": "^4.1.0", "tslib": "^2.6.2" } }, "sha512-fiUIYgIgRjMWznk6iLJz35K2YxSLHzLBA/RC6lBrKfQ8fHbPfvk7Pk9UvpKoHgJjI18MnbPuEju53zcVy6KF1g=="],

    "@smithy/config-resolver": ["@smithy/config-resolver@4.0.1", "", { "dependencies": { "@smithy/node-config-provider": "^4.0.1", "@smithy/types": "^4.1.0", "@smithy/util-config-provider": "^4.0.0", "@smithy/util-middleware": "^4.0.1", "tslib": "^2.6.2" } }, "sha512-Igfg8lKu3dRVkTSEm98QpZUvKEOa71jDX4vKRcvJVyRc3UgN3j7vFMf0s7xLQhYmKa8kyJGQgUJDOV5V3neVlQ=="],

    "@smithy/core": ["@smithy/core@3.1.5", "", { "dependencies": { "@smithy/middleware-serde": "^4.0.2", "@smithy/protocol-http": "^5.0.1", "@smithy/types": "^4.1.0", "@smithy/util-body-length-browser": "^4.0.0", "@smithy/util-middleware": "^4.0.1", "@smithy/util-stream": "^4.1.2", "@smithy/util-utf8": "^4.0.0", "tslib": "^2.6.2" } }, "sha512-HLclGWPkCsekQgsyzxLhCQLa8THWXtB5PxyYN+2O6nkyLt550KQKTlbV2D1/j5dNIQapAZM1+qFnpBFxZQkgCA=="],

    "@smithy/credential-provider-imds": ["@smithy/credential-provider-imds@4.0.1", "", { "dependencies": { "@smithy/node-config-provider": "^4.0.1", "@smithy/property-provider": "^4.0.1", "@smithy/types": "^4.1.0", "@smithy/url-parser": "^4.0.1", "tslib": "^2.6.2" } }, "sha512-l/qdInaDq1Zpznpmev/+52QomsJNZ3JkTl5yrTl02V6NBgJOQ4LY0SFw/8zsMwj3tLe8vqiIuwF6nxaEwgf6mg=="],

    "@smithy/eventstream-codec": ["@smithy/eventstream-codec@4.0.1", "", { "dependencies": { "@aws-crypto/crc32": "5.2.0", "@smithy/types": "^4.1.0", "@smithy/util-hex-encoding": "^4.0.0", "tslib": "^2.6.2" } }, "sha512-Q2bCAAR6zXNVtJgifsU16ZjKGqdw/DyecKNgIgi7dlqw04fqDu0mnq+JmGphqheypVc64CYq3azSuCpAdFk2+A=="],

    "@smithy/eventstream-serde-browser": ["@smithy/eventstream-serde-browser@4.0.1", "", { "dependencies": { "@smithy/eventstream-serde-universal": "^4.0.1", "@smithy/types": "^4.1.0", "tslib": "^2.6.2" } }, "sha512-HbIybmz5rhNg+zxKiyVAnvdM3vkzjE6ccrJ620iPL8IXcJEntd3hnBl+ktMwIy12Te/kyrSbUb8UCdnUT4QEdA=="],

    "@smithy/eventstream-serde-config-resolver": ["@smithy/eventstream-serde-config-resolver@4.0.1", "", { "dependencies": { "@smithy/types": "^4.1.0", "tslib": "^2.6.2" } }, "sha512-lSipaiq3rmHguHa3QFF4YcCM3VJOrY9oq2sow3qlhFY+nBSTF/nrO82MUQRPrxHQXA58J5G1UnU2WuJfi465BA=="],

    "@smithy/eventstream-serde-node": ["@smithy/eventstream-serde-node@4.0.1", "", { "dependencies": { "@smithy/eventstream-serde-universal": "^4.0.1", "@smithy/types": "^4.1.0", "tslib": "^2.6.2" } }, "sha512-o4CoOI6oYGYJ4zXo34U8X9szDe3oGjmHgsMGiZM0j4vtNoT+h80TLnkUcrLZR3+E6HIxqW+G+9WHAVfl0GXK0Q=="],

    "@smithy/eventstream-serde-universal": ["@smithy/eventstream-serde-universal@4.0.1", "", { "dependencies": { "@smithy/eventstream-codec": "^4.0.1", "@smithy/types": "^4.1.0", "tslib": "^2.6.2" } }, "sha512-Z94uZp0tGJuxds3iEAZBqGU2QiaBHP4YytLUjwZWx+oUeohCsLyUm33yp4MMBmhkuPqSbQCXq5hDet6JGUgHWA=="],

    "@smithy/fetch-http-handler": ["@smithy/fetch-http-handler@5.0.1", "", { "dependencies": { "@smithy/protocol-http": "^5.0.1", "@smithy/querystring-builder": "^4.0.1", "@smithy/types": "^4.1.0", "@smithy/util-base64": "^4.0.0", "tslib": "^2.6.2" } }, "sha512-3aS+fP28urrMW2KTjb6z9iFow6jO8n3MFfineGbndvzGZit3taZhKWtTorf+Gp5RpFDDafeHlhfsGlDCXvUnJA=="],

    "@smithy/hash-node": ["@smithy/hash-node@4.0.1", "", { "dependencies": { "@smithy/types": "^4.1.0", "@smithy/util-buffer-from": "^4.0.0", "@smithy/util-utf8": "^4.0.0", "tslib": "^2.6.2" } }, "sha512-TJ6oZS+3r2Xu4emVse1YPB3Dq3d8RkZDKcPr71Nj/lJsdAP1c7oFzYqEn1IBc915TsgLl2xIJNuxCz+gLbLE0w=="],

    "@smithy/invalid-dependency": ["@smithy/invalid-dependency@4.0.1", "", { "dependencies": { "@smithy/types": "^4.1.0", "tslib": "^2.6.2" } }, "sha512-gdudFPf4QRQ5pzj7HEnu6FhKRi61BfH/Gk5Yf6O0KiSbr1LlVhgjThcvjdu658VE6Nve8vaIWB8/fodmS1rBPQ=="],

    "@smithy/is-array-buffer": ["@smithy/is-array-buffer@4.0.0", "", { "dependencies": { "tslib": "^2.6.2" } }, "sha512-saYhF8ZZNoJDTvJBEWgeBccCg+yvp1CX+ed12yORU3NilJScfc6gfch2oVb4QgxZrGUx3/ZJlb+c/dJbyupxlw=="],

    "@smithy/middleware-content-length": ["@smithy/middleware-content-length@4.0.1", "", { "dependencies": { "@smithy/protocol-http": "^5.0.1", "@smithy/types": "^4.1.0", "tslib": "^2.6.2" } }, "sha512-OGXo7w5EkB5pPiac7KNzVtfCW2vKBTZNuCctn++TTSOMpe6RZO/n6WEC1AxJINn3+vWLKW49uad3lo/u0WJ9oQ=="],

    "@smithy/middleware-endpoint": ["@smithy/middleware-endpoint@4.0.6", "", { "dependencies": { "@smithy/core": "^3.1.5", "@smithy/middleware-serde": "^4.0.2", "@smithy/node-config-provider": "^4.0.1", "@smithy/shared-ini-file-loader": "^4.0.1", "@smithy/types": "^4.1.0", "@smithy/url-parser": "^4.0.1", "@smithy/util-middleware": "^4.0.1", "tslib": "^2.6.2" } }, "sha512-ftpmkTHIFqgaFugcjzLZv3kzPEFsBFSnq1JsIkr2mwFzCraZVhQk2gqN51OOeRxqhbPTkRFj39Qd2V91E/mQxg=="],

    "@smithy/middleware-retry": ["@smithy/middleware-retry@4.0.7", "", { "dependencies": { "@smithy/node-config-provider": "^4.0.1", "@smithy/protocol-http": "^5.0.1", "@smithy/service-error-classification": "^4.0.1", "@smithy/smithy-client": "^4.1.6", "@smithy/types": "^4.1.0", "@smithy/util-middleware": "^4.0.1", "@smithy/util-retry": "^4.0.1", "tslib": "^2.6.2", "uuid": "^9.0.1" } }, "sha512-58j9XbUPLkqAcV1kHzVX/kAR16GT+j7DUZJqwzsxh1jtz7G82caZiGyyFgUvogVfNTg3TeAOIJepGc8TXF4AVQ=="],

    "@smithy/middleware-serde": ["@smithy/middleware-serde@4.0.2", "", { "dependencies": { "@smithy/types": "^4.1.0", "tslib": "^2.6.2" } }, "sha512-Sdr5lOagCn5tt+zKsaW+U2/iwr6bI9p08wOkCp6/eL6iMbgdtc2R5Ety66rf87PeohR0ExI84Txz9GYv5ou3iQ=="],

    "@smithy/middleware-stack": ["@smithy/middleware-stack@4.0.1", "", { "dependencies": { "@smithy/types": "^4.1.0", "tslib": "^2.6.2" } }, "sha512-dHwDmrtR/ln8UTHpaIavRSzeIk5+YZTBtLnKwDW3G2t6nAupCiQUvNzNoHBpik63fwUaJPtlnMzXbQrNFWssIA=="],

    "@smithy/node-config-provider": ["@smithy/node-config-provider@4.0.1", "", { "dependencies": { "@smithy/property-provider": "^4.0.1", "@smithy/shared-ini-file-loader": "^4.0.1", "@smithy/types": "^4.1.0", "tslib": "^2.6.2" } }, "sha512-8mRTjvCtVET8+rxvmzRNRR0hH2JjV0DFOmwXPrISmTIJEfnCBugpYYGAsCj8t41qd+RB5gbheSQ/6aKZCQvFLQ=="],

    "@smithy/node-http-handler": ["@smithy/node-http-handler@4.0.3", "", { "dependencies": { "@smithy/abort-controller": "^4.0.1", "@smithy/protocol-http": "^5.0.1", "@smithy/querystring-builder": "^4.0.1", "@smithy/types": "^4.1.0", "tslib": "^2.6.2" } }, "sha512-dYCLeINNbYdvmMLtW0VdhW1biXt+PPCGazzT5ZjKw46mOtdgToQEwjqZSS9/EN8+tNs/RO0cEWG044+YZs97aA=="],

    "@smithy/property-provider": ["@smithy/property-provider@4.0.1", "", { "dependencies": { "@smithy/types": "^4.1.0", "tslib": "^2.6.2" } }, "sha512-o+VRiwC2cgmk/WFV0jaETGOtX16VNPp2bSQEzu0whbReqE1BMqsP2ami2Vi3cbGVdKu1kq9gQkDAGKbt0WOHAQ=="],

    "@smithy/protocol-http": ["@smithy/protocol-http@5.0.1", "", { "dependencies": { "@smithy/types": "^4.1.0", "tslib": "^2.6.2" } }, "sha512-TE4cpj49jJNB/oHyh/cRVEgNZaoPaxd4vteJNB0yGidOCVR0jCw/hjPVsT8Q8FRmj8Bd3bFZt8Dh7xGCT+xMBQ=="],

    "@smithy/querystring-builder": ["@smithy/querystring-builder@4.0.1", "", { "dependencies": { "@smithy/types": "^4.1.0", "@smithy/util-uri-escape": "^4.0.0", "tslib": "^2.6.2" } }, "sha512-wU87iWZoCbcqrwszsOewEIuq+SU2mSoBE2CcsLwE0I19m0B2gOJr1MVjxWcDQYOzHbR1xCk7AcOBbGFUYOKvdg=="],

    "@smithy/querystring-parser": ["@smithy/querystring-parser@4.0.1", "", { "dependencies": { "@smithy/types": "^4.1.0", "tslib": "^2.6.2" } }, "sha512-Ma2XC7VS9aV77+clSFylVUnPZRindhB7BbmYiNOdr+CHt/kZNJoPP0cd3QxCnCFyPXC4eybmyE98phEHkqZ5Jw=="],

    "@smithy/service-error-classification": ["@smithy/service-error-classification@4.0.1", "", { "dependencies": { "@smithy/types": "^4.1.0" } }, "sha512-3JNjBfOWpj/mYfjXJHB4Txc/7E4LVq32bwzE7m28GN79+M1f76XHflUaSUkhOriprPDzev9cX/M+dEB80DNDKA=="],

    "@smithy/shared-ini-file-loader": ["@smithy/shared-ini-file-loader@4.0.1", "", { "dependencies": { "@smithy/types": "^4.1.0", "tslib": "^2.6.2" } }, "sha512-hC8F6qTBbuHRI/uqDgqqi6J0R4GtEZcgrZPhFQnMhfJs3MnUTGSnR1NSJCJs5VWlMydu0kJz15M640fJlRsIOw=="],

    "@smithy/signature-v4": ["@smithy/signature-v4@5.0.1", "", { "dependencies": { "@smithy/is-array-buffer": "^4.0.0", "@smithy/protocol-http": "^5.0.1", "@smithy/types": "^4.1.0", "@smithy/util-hex-encoding": "^4.0.0", "@smithy/util-middleware": "^4.0.1", "@smithy/util-uri-escape": "^4.0.0", "@smithy/util-utf8": "^4.0.0", "tslib": "^2.6.2" } }, "sha512-nCe6fQ+ppm1bQuw5iKoeJ0MJfz2os7Ic3GBjOkLOPtavbD1ONoyE3ygjBfz2ythFWm4YnRm6OxW+8p/m9uCoIA=="],

    "@smithy/smithy-client": ["@smithy/smithy-client@4.1.6", "", { "dependencies": { "@smithy/core": "^3.1.5", "@smithy/middleware-endpoint": "^4.0.6", "@smithy/middleware-stack": "^4.0.1", "@smithy/protocol-http": "^5.0.1", "@smithy/types": "^4.1.0", "@smithy/util-stream": "^4.1.2", "tslib": "^2.6.2" } }, "sha512-UYDolNg6h2O0L+cJjtgSyKKvEKCOa/8FHYJnBobyeoeWDmNpXjwOAtw16ezyeu1ETuuLEOZbrynK0ZY1Lx9Jbw=="],

    "@smithy/types": ["@smithy/types@4.1.0", "", { "dependencies": { "tslib": "^2.6.2" } }, "sha512-enhjdwp4D7CXmwLtD6zbcDMbo6/T6WtuuKCY49Xxc6OMOmUWlBEBDREsxxgV2LIdeQPW756+f97GzcgAwp3iLw=="],

    "@smithy/url-parser": ["@smithy/url-parser@4.0.1", "", { "dependencies": { "@smithy/querystring-parser": "^4.0.1", "@smithy/types": "^4.1.0", "tslib": "^2.6.2" } }, "sha512-gPXcIEUtw7VlK8f/QcruNXm7q+T5hhvGu9tl63LsJPZ27exB6dtNwvh2HIi0v7JcXJ5emBxB+CJxwaLEdJfA+g=="],

    "@smithy/util-base64": ["@smithy/util-base64@4.0.0", "", { "dependencies": { "@smithy/util-buffer-from": "^4.0.0", "@smithy/util-utf8": "^4.0.0", "tslib": "^2.6.2" } }, "sha512-CvHfCmO2mchox9kjrtzoHkWHxjHZzaFojLc8quxXY7WAAMAg43nuxwv95tATVgQFNDwd4M9S1qFzj40Ul41Kmg=="],

    "@smithy/util-body-length-browser": ["@smithy/util-body-length-browser@4.0.0", "", { "dependencies": { "tslib": "^2.6.2" } }, "sha512-sNi3DL0/k64/LO3A256M+m3CDdG6V7WKWHdAiBBMUN8S3hK3aMPhwnPik2A/a2ONN+9doY9UxaLfgqsIRg69QA=="],

    "@smithy/util-body-length-node": ["@smithy/util-body-length-node@4.0.0", "", { "dependencies": { "tslib": "^2.6.2" } }, "sha512-q0iDP3VsZzqJyje8xJWEJCNIu3lktUGVoSy1KB0UWym2CL1siV3artm+u1DFYTLejpsrdGyCSWBdGNjJzfDPjg=="],

    "@smithy/util-buffer-from": ["@smithy/util-buffer-from@4.0.0", "", { "dependencies": { "@smithy/is-array-buffer": "^4.0.0", "tslib": "^2.6.2" } }, "sha512-9TOQ7781sZvddgO8nxueKi3+yGvkY35kotA0Y6BWRajAv8jjmigQ1sBwz0UX47pQMYXJPahSKEKYFgt+rXdcug=="],

    "@smithy/util-config-provider": ["@smithy/util-config-provider@4.0.0", "", { "dependencies": { "tslib": "^2.6.2" } }, "sha512-L1RBVzLyfE8OXH+1hsJ8p+acNUSirQnWQ6/EgpchV88G6zGBTDPdXiiExei6Z1wR2RxYvxY/XLw6AMNCCt8H3w=="],

    "@smithy/util-defaults-mode-browser": ["@smithy/util-defaults-mode-browser@4.0.7", "", { "dependencies": { "@smithy/property-provider": "^4.0.1", "@smithy/smithy-client": "^4.1.6", "@smithy/types": "^4.1.0", "bowser": "^2.11.0", "tslib": "^2.6.2" } }, "sha512-CZgDDrYHLv0RUElOsmZtAnp1pIjwDVCSuZWOPhIOBvG36RDfX1Q9+6lS61xBf+qqvHoqRjHxgINeQz47cYFC2Q=="],

    "@smithy/util-defaults-mode-node": ["@smithy/util-defaults-mode-node@4.0.7", "", { "dependencies": { "@smithy/config-resolver": "^4.0.1", "@smithy/credential-provider-imds": "^4.0.1", "@smithy/node-config-provider": "^4.0.1", "@smithy/property-provider": "^4.0.1", "@smithy/smithy-client": "^4.1.6", "@smithy/types": "^4.1.0", "tslib": "^2.6.2" } }, "sha512-79fQW3hnfCdrfIi1soPbK3zmooRFnLpSx3Vxi6nUlqaaQeC5dm8plt4OTNDNqEEEDkvKghZSaoti684dQFVrGQ=="],

    "@smithy/util-endpoints": ["@smithy/util-endpoints@3.0.1", "", { "dependencies": { "@smithy/node-config-provider": "^4.0.1", "@smithy/types": "^4.1.0", "tslib": "^2.6.2" } }, "sha512-zVdUENQpdtn9jbpD9SCFK4+aSiavRb9BxEtw9ZGUR1TYo6bBHbIoi7VkrFQ0/RwZlzx0wRBaRmPclj8iAoJCLA=="],

    "@smithy/util-hex-encoding": ["@smithy/util-hex-encoding@4.0.0", "", { "dependencies": { "tslib": "^2.6.2" } }, "sha512-Yk5mLhHtfIgW2W2WQZWSg5kuMZCVbvhFmC7rV4IO2QqnZdbEFPmQnCcGMAX2z/8Qj3B9hYYNjZOhWym+RwhePw=="],

    "@smithy/util-middleware": ["@smithy/util-middleware@4.0.1", "", { "dependencies": { "@smithy/types": "^4.1.0", "tslib": "^2.6.2" } }, "sha512-HiLAvlcqhbzhuiOa0Lyct5IIlyIz0PQO5dnMlmQ/ubYM46dPInB+3yQGkfxsk6Q24Y0n3/JmcA1v5iEhmOF5mA=="],

    "@smithy/util-retry": ["@smithy/util-retry@4.0.1", "", { "dependencies": { "@smithy/service-error-classification": "^4.0.1", "@smithy/types": "^4.1.0", "tslib": "^2.6.2" } }, "sha512-WmRHqNVwn3kI3rKk1LsKcVgPBG6iLTBGC1iYOV3GQegwJ3E8yjzHytPt26VNzOWr1qu0xE03nK0Ug8S7T7oufw=="],

    "@smithy/util-stream": ["@smithy/util-stream@4.1.2", "", { "dependencies": { "@smithy/fetch-http-handler": "^5.0.1", "@smithy/node-http-handler": "^4.0.3", "@smithy/types": "^4.1.0", "@smithy/util-base64": "^4.0.0", "@smithy/util-buffer-from": "^4.0.0", "@smithy/util-hex-encoding": "^4.0.0", "@smithy/util-utf8": "^4.0.0", "tslib": "^2.6.2" } }, "sha512-44PKEqQ303d3rlQuiDpcCcu//hV8sn+u2JBo84dWCE0rvgeiVl0IlLMagbU++o0jCWhYCsHaAt9wZuZqNe05Hw=="],

    "@smithy/util-uri-escape": ["@smithy/util-uri-escape@4.0.0", "", { "dependencies": { "tslib": "^2.6.2" } }, "sha512-77yfbCbQMtgtTylO9itEAdpPXSog3ZxMe09AEhm0dU0NLTalV70ghDZFR+Nfi1C60jnJoh/Re4090/DuZh2Omg=="],

    "@smithy/util-utf8": ["@smithy/util-utf8@4.0.0", "", { "dependencies": { "@smithy/util-buffer-from": "^4.0.0", "tslib": "^2.6.2" } }, "sha512-b+zebfKCfRdgNJDknHCob3O7FpeYQN6ZG6YLExMcasDHsCXlsXCEuiPZeLnJLpwa5dvPetGlnGCiMHuLwGvFow=="],

    "@smithy/util-waiter": ["@smithy/util-waiter@4.0.2", "", { "dependencies": { "@smithy/abort-controller": "^4.0.1", "@smithy/types": "^4.1.0", "tslib": "^2.6.2" } }, "sha512-piUTHyp2Axx3p/kc2CIJkYSv0BAaheBQmbACZgQSSfWUumWNW+R1lL+H9PDBxKJkvOeEX+hKYEFiwO8xagL8AQ=="],

    "@standard-schema/spec": ["@standard-schema/spec@1.0.0-beta.3", "", {}, "sha512-0ifF3BjA1E8SY9C+nUew8RefNOIq0cDlYALPty4rhUm8Rrl6tCM8hBT4bhGhx7I7iXD0uAgt50lgo8dD73ACMw=="],

    "@tsconfig/node22": ["@tsconfig/node22@22.0.0", "", {}, "sha512-twLQ77zevtxobBOD4ToAtVmuYrpeYUh3qh+TEp+08IWhpsrIflVHqQ1F1CiPxQGL7doCdBIOOCF+1Tm833faNg=="],

    "@types/bun": ["@types/bun@1.2.4", "", { "dependencies": { "bun-types": "1.2.4" } }, "sha512-QtuV5OMR8/rdKJs213iwXDpfVvnskPXY/S0ZiFbsTjQZycuqPbMW8Gf/XhLfwE5njW8sxI2WjISURXPlHypMFA=="],

    "@types/node": ["@types/node@22.13.5", "", { "dependencies": { "undici-types": "~6.20.0" } }, "sha512-+lTU0PxZXn0Dr1NBtC7Y8cR21AJr87dLLU953CWA6pMxxv/UDc7jYAY90upcrie1nRcD6XNG5HOYEDtgW5TxAg=="],

    "@types/ws": ["@types/ws@8.5.14", "", { "dependencies": { "@types/node": "*" } }, "sha512-bd/YFLW+URhBzMXurx7lWByOu+xzU9+kb3RboOteXYDfW+tr+JZa99OyNmPINEGB/ahzKrEuc8rcv4gnpJmxTw=="],

    "arctic": ["arctic@2.3.4", "", { "dependencies": { "@oslojs/crypto": "1.0.1", "@oslojs/encoding": "1.1.0", "@oslojs/jwt": "0.2.0" } }, "sha512-+p30BOWsctZp+CVYCt7oAean/hWGW42sH5LAcRQX56ttEkFJWbzXBhmSpibbzwSJkRrotmsA+oAoJoVsU0f5xA=="],

    "asynckit": ["asynckit@0.4.0", "", {}, "sha512-Oei9OH4tRh0YqU3GxhX79dM/mwVgvbZJaSNaRk+bshkj0S5cfHcgYakreBjrHwatXKbz+IoIdYLxrKim2MjW0Q=="],

    "aws4fetch": ["aws4fetch@1.0.20", "", {}, "sha512-/djoAN709iY65ETD6LKCtyyEI04XIBP5xVvfmNxsEP0uJB5tyaGBztSryRr4HqMStr9R06PisQE7m9zDTXKu6g=="],

    "axios": ["axios@1.8.1", "", { "dependencies": { "follow-redirects": "^1.15.6", "form-data": "^4.0.0", "proxy-from-env": "^1.1.0" } }, "sha512-NN+fvwH/kV01dYUQ3PTOZns4LWtWhOFCAhQ/pHb88WQ1hNe5V/dvFwc4VJcDL11LT9xSX0QtsR8sWUuyOuOq7g=="],

    "bowser": ["bowser@2.11.0", "", {}, "sha512-AlcaJBi/pqqJBIQ8U9Mcpc9i8Aqxn88Skv5d+xBX006BY5u8N3mGLHa5Lgppa7L/HfwgwLgZ6NYs+Ag6uUmJRA=="],

    "bun-types": ["bun-types@1.2.4", "", { "dependencies": { "@types/node": "*", "@types/ws": "~8.5.10" } }, "sha512-nDPymR207ZZEoWD4AavvEaa/KZe/qlrbMSchqpQwovPZCKc7pwMoENjEtHgMKaAjJhy+x6vfqSBA1QU3bJgs0Q=="],

    "call-bind-apply-helpers": ["call-bind-apply-helpers@1.0.2", "", { "dependencies": { "es-errors": "^1.3.0", "function-bind": "^1.1.2" } }, "sha512-Sp1ablJ0ivDkSzjcaJdxEunN5/XvksFJ2sMBFfq6x0ryhQV/2b/KwFe21cMpmHtPOSij8K99/wSfoEuTObmuMQ=="],

    "combined-stream": ["combined-stream@1.0.8", "", { "dependencies": { "delayed-stream": "~1.0.0" } }, "sha512-FQN4MRfuJeHf7cBbBMJFXhKSDq+2kAArBlmRBvcvFE5BB1HZKXtSFASDhdlz9zOYwxh8lDdnvmMOe/+5cdoEdg=="],

    "delayed-stream": ["delayed-stream@1.0.0", "", {}, "sha512-ZySD7Nf91aLB0RxL4KGrKHBXl7Eds1DAmEdcoVawXnLD7SDhpNgtuII2aAkg7a7QS41jxPSZ17p4VdGnMHk3MQ=="],

    "dunder-proto": ["dunder-proto@1.0.1", "", { "dependencies": { "call-bind-apply-helpers": "^1.0.1", "es-errors": "^1.3.0", "gopd": "^1.2.0" } }, "sha512-KIN/nDJBQRcXw0MLVhZE9iQHmG68qAVIBg9CqmUYjmQIhgij9U5MFvrqkUL5FbtyyzZuOeOt0zdeRe4UY7ct+A=="],

    "es-define-property": ["es-define-property@1.0.1", "", {}, "sha512-e3nRfgfUZ4rNGL232gUgX06QNyyez04KdjFrF+LTRoOXmrOgFKDg4BCdsjW8EnT69eqdYGmRpJwiPVYNrCaW3g=="],

    "es-errors": ["es-errors@1.3.0", "", {}, "sha512-Zf5H2Kxt2xjTvbJvP2ZWLEICxA6j+hAmMzIlypy4xcBg1vKVnx89Wy0GbS+kf5cwCVFFzdCFh2XSCFNULS6csw=="],

    "es-object-atoms": ["es-object-atoms@1.1.1", "", { "dependencies": { "es-errors": "^1.3.0" } }, "sha512-FGgH2h8zKNim9ljj7dankFPcICIK9Cp5bm+c2gQSYePhpaG5+esrLODihIorn+Pe6FGJzWhXQotPv73jTaldXA=="],

    "es-set-tostringtag": ["es-set-tostringtag@2.1.0", "", { "dependencies": { "es-errors": "^1.3.0", "get-intrinsic": "^1.2.6", "has-tostringtag": "^1.0.2", "hasown": "^2.0.2" } }, "sha512-j6vWzfrGVfyXxge+O0x5sh6cvxAog0a/4Rdd2K36zCMV5eJ+/+tOAngRO8cODMNWbVRdVlmGZQL2YS3yR8bIUA=="],

    "fast-xml-parser": ["fast-xml-parser@4.4.1", "", { "dependencies": { "strnum": "^1.0.5" }, "bin": { "fxparser": "src/cli/cli.js" } }, "sha512-xkjOecfnKGkSsOwtZ5Pz7Us/T6mrbPQrq0nh+aCO5V9nk5NLWmasAHumTKjiPJPWANe+kAZ84Jc8ooJkzZ88Sw=="],

    "follow-redirects": ["follow-redirects@1.15.9", "", {}, "sha512-gew4GsXizNgdoRyqmyfMHyAmXsZDk6mHkSxZFCzW9gwlbtOW44CDtYavM+y+72qD/Vq2l550kMF52DT8fOLJqQ=="],

    "form-data": ["form-data@4.0.2", "", { "dependencies": { "asynckit": "^0.4.0", "combined-stream": "^1.0.8", "es-set-tostringtag": "^2.1.0", "mime-types": "^2.1.12" } }, "sha512-hGfm/slu0ZabnNt4oaRZ6uREyfCj6P4fT/n6A1rGV+Z0VdGXjfOhVUpkn6qVQONHGIFwmveGXyDs75+nr6FM8w=="],

    "function-bind": ["function-bind@1.1.2", "", {}, "sha512-7XHNxH7qX9xG5mIwxkhumTox/MIRNcOgDrxWsMt2pAr23WHp6MrRlN7FBSFpCpr+oVO0F744iUgR82nJMfG2SA=="],

    "get-intrinsic": ["get-intrinsic@1.3.0", "", { "dependencies": { "call-bind-apply-helpers": "^1.0.2", "es-define-property": "^1.0.1", "es-errors": "^1.3.0", "es-object-atoms": "^1.1.1", "function-bind": "^1.1.2", "get-proto": "^1.0.1", "gopd": "^1.2.0", "has-symbols": "^1.1.0", "hasown": "^2.0.2", "math-intrinsics": "^1.1.0" } }, "sha512-9fSjSaos/fRIVIp+xSJlE6lfwhES7LNtKaCBIamHsjr2na1BiABJPo0mOjjz8GJDURarmCPGqaiVg5mfjb98CQ=="],

    "get-proto": ["get-proto@1.0.1", "", { "dependencies": { "dunder-proto": "^1.0.1", "es-object-atoms": "^1.0.0" } }, "sha512-sTSfBjoXBp89JvIKIefqw7U2CCebsc74kiY6awiGogKtoSGbgjYE/G/+l9sF3MWFPNc9IcoOC4ODfKHfxFmp0g=="],

    "gopd": ["gopd@1.2.0", "", {}, "sha512-ZUKRh6/kUFoAiTAtTYPZJ3hw9wNxx+BIBOijnlG9PnrJsCcSjs1wyyD6vJpaYtgnzDrKYRSqf3OO6Rfa93xsRg=="],

    "has-symbols": ["has-symbols@1.1.0", "", {}, "sha512-1cDNdwJ2Jaohmb3sg4OmKaMBwuC48sYni5HUw2DvsC8LjGTLK9h+eb1X6RyuOHe4hT0ULCW68iomhjUoKUqlPQ=="],

    "has-tostringtag": ["has-tostringtag@1.0.2", "", { "dependencies": { "has-symbols": "^1.0.3" } }, "sha512-NqADB8VjPFLM2V0VvHUewwwsw0ZWBaIdgo+ieHtK3hasLz4qeCRjYcqfB6AQrBggRKppKF8L52/VqdVsO47Dlw=="],

    "hasown": ["hasown@2.0.2", "", { "dependencies": { "function-bind": "^1.1.2" } }, "sha512-0hJU9SCPvmMzIBdZFqNPXWa6dqh7WdH0cII9y+CyS8rG3nL48Bclra9HmKhVVUHyPWNH5Y7xDwAB7bfgSjkUMQ=="],

    "hono": ["hono@4.7.2", "", {}, "sha512-8V5XxoOF6SI12jkHkzX/6aLBMU5GEF5g387EjVSQipS0DlxWgWGSMeEayY3CRBjtTUQYwLHx9JYouWqKzy2Vng=="],

    "jose": ["jose@5.2.3", "", {}, "sha512-KUXdbctm1uHVL8BYhnyHkgp3zDX5KW8ZhAKVFEfUbU2P8Alpzjb+48hHvjOdQIyPshoblhzsuqOwEEAbtHVirA=="],

    "lru-cache": ["lru-cache@6.0.0", "", { "dependencies": { "yallist": "^4.0.0" } }, "sha512-Jo6dJ04CmSjuznwJSS3pUeWmd/H0ffTlkXXgwZi+eq1UCmqQwCh+eLsYOYCwY991i2Fah4h1BEMCx4qThGbsiA=="],

    "math-intrinsics": ["math-intrinsics@1.1.0", "", {}, "sha512-/IXtbwEk5HTPyEwyKX6hGkYXxM9nbj64B+ilVJnC/R6B0pH5G4V3b0pVbL7DBj4tkhBAppbQUlf6F6Xl9LHu1g=="],

    "mime-db": ["mime-db@1.52.0", "", {}, "sha512-sPU4uV7dYlvtWJxwwxHD0PuihVNiE7TyAbQ5SWxDCB9mUYvOgroQOwYQQOKPJ8CIbE+1ETVlOoK1UC2nU3gYvg=="],

    "mime-types": ["mime-types@2.1.35", "", { "dependencies": { "mime-db": "1.52.0" } }, "sha512-ZDY+bPm5zTTF+YpCrAU9nK0UgICYPT0QtT1NZWFv4s++TNkcgVaT0g6+4R2uI4MjQjzysHB1zxuWL50hzaeXiw=="],

    "object-hash": ["object-hash@2.2.0", "", {}, "sha512-gScRMn0bS5fH+IuwyIFgnh9zBdo4DV+6GhygmWM9HyNJSgS0hScp1f5vjtm7oIIOiT9trXrShAkLFSc2IqKNgw=="],

    "oidc-token-hash": ["oidc-token-hash@5.0.3", "", {}, "sha512-IF4PcGgzAr6XXSff26Sk/+P4KZFJVuHAJZj3wgO3vX2bMdNVp/QXTP3P7CEm9V1IdG8lDLY3HhiqpsE/nOwpPw=="],

    "openid-client": ["openid-client@5.6.4", "", { "dependencies": { "jose": "^4.15.4", "lru-cache": "^6.0.0", "object-hash": "^2.2.0", "oidc-token-hash": "^5.0.3" } }, "sha512-T1h3B10BRPKfcObdBklX639tVz+xh34O7GjofqrqiAQdm7eHsQ00ih18x6wuJ/E6FxdtS2u3FmUGPDeEcMwzNA=="],

    "proxy-from-env": ["proxy-from-env@1.1.0", "", {}, "sha512-D+zkORCbA9f1tdWRK0RaCR3GPv50cMxcrz4X8k5LTSUD1Dkw47mKJEZQNunItRTkWwgtaUSo1RVFRIG9ZXiFYg=="],

    "sst": ["sst@3.9.19", "", { "dependencies": { "aws4fetch": "^1.0.18", "jose": "5.2.3", "openid-client": "5.6.4" }, "optionalDependencies": { "sst-darwin-arm64": "3.9.19", "sst-darwin-x64": "3.9.19", "sst-linux-arm64": "3.9.19", "sst-linux-x64": "3.9.19", "sst-linux-x86": "3.9.19" }, "bin": { "sst": "bin/sst.mjs" } }, "sha512-iZHxIRcsSaogzc+5j+1NEbBeJ31egBZJurdAHeuvCm/i9PYDbwgur44GLs1HPhb0x/3Um8V1yBE6nphQImCJDQ=="],

    "sst-darwin-arm64": ["sst-darwin-arm64@3.9.19", "", { "os": "darwin", "cpu": "arm64" }, "sha512-9svQqI6DvEk/QXjMxSEQkRhoMDjMUsSYahN1f8Oc0npsFiD1Egdw1DziPy5Zdh74tPvi4lnnujF8Qq+eM7QKnQ=="],

    "sst-darwin-x64": ["sst-darwin-x64@3.9.19", "", { "os": "darwin", "cpu": "x64" }, "sha512-1W86ofb8PkriyzYznAF7WUa4xI51pXNtdXCX58x0xgnRUw0t7S7pemvMuiMgZzcPhjdlS9JKaPurHLhsWkFdWQ=="],

    "sst-linux-arm64": ["sst-linux-arm64@3.9.19", "", { "os": "linux", "cpu": "arm64" }, "sha512-dgB6ClCsB59PJQJahcYdsmSgQNA2Q+hKed+X8QQAbPiWu5gmJEQBBmMt/UC5X7/2Gn3BNZRbTXruTrvr8crN7w=="],

    "sst-linux-x64": ["sst-linux-x64@3.9.19", "", { "os": "linux", "cpu": "x64" }, "sha512-Hf7TtnKx08myhcbwIesSMQ9bX9sRGAzzpHQLZclSgJOatgCqg7ayhKCxT3BiTRFZ26BfRGoJbUVLc5NSiZtviQ=="],

    "sst-linux-x86": ["sst-linux-x86@3.9.19", "", { "os": "linux", "cpu": "none" }, "sha512-RiQqW2LEWjSzhBdY37bf3YAgx5Sv2tHCQQ5Fj9rnuCMbYtdhMX0CdklCvicZLk57qkYezCrQfc8RTrC+np2zaw=="],

    "strnum": ["strnum@1.1.2", "", {}, "sha512-vrN+B7DBIoTTZjnPNewwhx6cBA/H+IS7rfW68n7XxC1y7uoiGQBxaKzqucGUgavX15dJgiGztLJ8vxuEzwqBdA=="],

    "tslib": ["tslib@2.8.1", "", {}, "sha512-oJFu94HQb+KVduSUQL7wnpmqnfmLsOA/nAh6b6EH0wCEoK0/mPeXU6c3wKDV83MkOuHPRHtSXKKU99IBazS/2w=="],

    "typescript": ["typescript@5.8.2", "", { "bin": { "tsc": "bin/tsc", "tsserver": "bin/tsserver" } }, "sha512-aJn6wq13/afZp/jT9QZmwEjDqqvSGp1VT5GVg+f/t6/oVyrgXM6BY1h9BRh/O5p3PlUPAe+WuiEZOmb/49RqoQ=="],

    "undici-types": ["undici-types@6.20.0", "", {}, "sha512-Ny6QZ2Nju20vw1SRHe3d9jVu6gJ+4e3+MMpqu7pqE5HT6WsTSlce++GQmK5UXS8mzV8DSYHrQH+Xrf2jVcuKNg=="],

    "uuid": ["uuid@9.0.1", "", { "bin": { "uuid": "dist/bin/uuid" } }, "sha512-b+1eJOlsR9K8HJpow9Ok3fiWOWSIcIzXodvv0rQjVoOVNpWMpxf1wZNpt4y9h10odCNrqnYp1OBzRktckBe3sA=="],

    "valibot": ["valibot@1.0.0-rc.2", "", { "peerDependencies": { "typescript": ">=5" }, "optionalPeers": ["typescript"] }, "sha512-Tnnp7dydpihvoUbJiaxuYfsCAgAFKuFMex7PTaI25XSjRWkU70DmJPlAO1W6sF1/WUx4RNWyM2hdmBSMIUSZFA=="],

    "yallist": ["yallist@4.0.0", "", {}, "sha512-3wdGidZyq5PB084XLES5TpOSRA3wjXAlIWMhum2kRcv/41Sn2emQ0dycQW4uZXLejwKvg6EsvbdlVL+FYEct7A=="],

    "@aws-crypto/sha256-browser/@smithy/util-utf8": ["@smithy/util-utf8@2.3.0", "", { "dependencies": { "@smithy/util-buffer-from": "^2.2.0", "tslib": "^2.6.2" } }, "sha512-R8Rdn8Hy72KKcebgLiv8jQcQkXoLMOGGv5uI1/k0l+snqkOzQ1R0ChUBCxWMlBsFMekWjq0wRudIweFs7sKT5A=="],

    "@aws-crypto/util/@smithy/util-utf8": ["@smithy/util-utf8@2.3.0", "", { "dependencies": { "@smithy/util-buffer-from": "^2.2.0", "tslib": "^2.6.2" } }, "sha512-R8Rdn8Hy72KKcebgLiv8jQcQkXoLMOGGv5uI1/k0l+snqkOzQ1R0ChUBCxWMlBsFMekWjq0wRudIweFs7sKT5A=="],

    "@openauthjs/openauth/jose": ["jose@5.9.6", "", {}, "sha512-AMlnetc9+CV9asI19zHmrgS/WYsWUwCn2R7RzlbJWD7F9eWYUTGyBmU9o6PxngtLGOiDGPRu+Uc4fhKzbpteZQ=="],

    "@oslojs/jwt/@oslojs/encoding": ["@oslojs/encoding@0.4.1", "", {}, "sha512-hkjo6MuIK/kQR5CrGNdAPZhS01ZCXuWDRJ187zh6qqF2+yMHZpD9fAYpX8q2bOO6Ryhl3XpCT6kUX76N8hhm4Q=="],

    "openid-client/jose": ["jose@4.15.9", "", {}, "sha512-1vUQX+IdDMVPj4k8kOxgUqlcK518yluMuGZwqlr44FS1ppZB/5GWh4rZG89erpOBOJjU/OBsnCVFfapsRz6nEA=="],

    "@aws-crypto/sha256-browser/@smithy/util-utf8/@smithy/util-buffer-from": ["@smithy/util-buffer-from@2.2.0", "", { "dependencies": { "@smithy/is-array-buffer": "^2.2.0", "tslib": "^2.6.2" } }, "sha512-IJdWBbTcMQ6DA0gdNhh/BwrLkDR+ADW5Kr1aZmd4k3DIF6ezMV4R2NIAmT08wQJ3yUK82thHWmC/TnK/wpMMIA=="],

    "@aws-crypto/util/@smithy/util-utf8/@smithy/util-buffer-from": ["@smithy/util-buffer-from@2.2.0", "", { "dependencies": { "@smithy/is-array-buffer": "^2.2.0", "tslib": "^2.6.2" } }, "sha512-IJdWBbTcMQ6DA0gdNhh/BwrLkDR+ADW5Kr1aZmd4k3DIF6ezMV4R2NIAmT08wQJ3yUK82thHWmC/TnK/wpMMIA=="],

    "@aws-crypto/sha256-browser/@smithy/util-utf8/@smithy/util-buffer-from/@smithy/is-array-buffer": ["@smithy/is-array-buffer@2.2.0", "", { "dependencies": { "tslib": "^2.6.2" } }, "sha512-GGP3O9QFD24uGeAXYUjwSTXARoqpZykHadOmA8G5vfJPK0/DC67qa//0qvqrJzL1xc8WQWX7/yc7fwudjPHPhA=="],

    "@aws-crypto/util/@smithy/util-utf8/@smithy/util-buffer-from/@smithy/is-array-buffer": ["@smithy/is-array-buffer@2.2.0", "", { "dependencies": { "tslib": "^2.6.2" } }, "sha512-GGP3O9QFD24uGeAXYUjwSTXARoqpZykHadOmA8G5vfJPK0/DC67qa//0qvqrJzL1xc8WQWX7/yc7fwudjPHPhA=="],
  }
}
