github.com/ROU-Technology/openauth-go v0.0.7 h1:2+5F+zCdpOcIpbzN7IuFnmGMCe6z4GfUYI7gkQBXXOI=
github.com/ROU-Technology/openauth-go v0.0.7/go.mod h1:IfmwfUITGXFm6gQQd6uD0BwZiy6XNLQW9VDiubCwKdA=
github.com/go-jose/go-jose/v4 v4.0.1 h1:QVEPDE3OluqXBQZDcnNvQrInro2h0e4eqNbnZSWqS6U=
github.com/go-jose/go-jose/v4 v4.0.1/go.mod h1:WVf9LFMHh/QVrmqrOfqun0C45tMe3RoiKJMPvgWwLfY=
github.com/go-jose/go-jose/v4 v4.0.5 h1:M6T8+mKZl/+fNNuFHvGIzDz7BTLQPIounk/b9dw3AaE=
github.com/go-jose/go-jose/v4 v4.0.5/go.mod h1:s3P1lRrkT8igV8D9OjyL4WRyHvjB6a4JSllnOrmmBOA=
github.com/golang-jwt/jwt/v5 v5.2.0 h1:d/ix8ftRUorsN+5eMIlF4T6J8CAt9rch3My2winC1Jw=
github.com/golang-jwt/jwt/v5 v5.2.0/go.mod h1:pqrtFR0X4osieyHYxtmOUWsAWrfe1Q5UVIyoH402zdk=
github.com/golang-jwt/jwt/v5 v5.2.1 h1:OuVbFODueb089Lh128TAcimifWaLhJwVflnrgM17wHk=
github.com/golang-jwt/jwt/v5 v5.2.1/go.mod h1:pqrtFR0X4osieyHYxtmOUWsAWrfe1Q5UVIyoH402zdk=
github.com/sst/sst/v3 v3.9.19 h1:cIf0OQb0s2lRpuUTXHjZm5dHRqlrIsqCKBIAUVOIop8=
github.com/sst/sst/v3 v3.9.19/go.mod h1:t0+Krbn45bPEvo19BNbP3TACUS6J7TLbM04YvuoX3Gg=
github.com/sst/sst/v3 v3.9.36 h1:BgeT1S8BMZk8VuY4c72kl4yH0jSFCZXi8KdKppkQwHU=
github.com/sst/sst/v3 v3.9.36/go.mod h1:t0+Krbn45bPEvo19BNbP3TACUS6J7TLbM04YvuoX3Gg=
golang.org/x/crypto v0.19.0 h1:ENy+Az/9Y1vSrlrvBSyna3PITt4tiZLf7sgCjZBX7Wo=
golang.org/x/crypto v0.19.0/go.mod h1:Iy9bg/ha4yyC70EfRS8jz+B6ybOBKMaSxLj6P6oBDfU=
golang.org/x/crypto v0.35.0 h1:b15kiHdrGCHrP6LvwaQ3c03kgNhhiMgvlhxHQhmg2Xs=
golang.org/x/crypto v0.35.0/go.mod h1:dy7dXNW32cAb/6/PRuTNsix8T+vJAqvuIy5Bli/x0YQ=
golang.org/x/crypto v0.36.0 h1:AnAEvhDddvBdpY+uR+MyHmuZzzNqXSe/GvuDeob5L34=
golang.org/x/crypto v0.36.0/go.mod h1:Y4J0ReaxCR1IMaabaSMugxJES1EpwhBHhv2bDHklZvc=
